{
  "lockfileVersion": 1,
  "configVersion": 1,
  "workspaces": {
    "": {
      "name": "@kyo-so/cli",
      "dependencies": {
        "@agentclientprotocol/sdk": "1.0.0",
        "@modelcontextprotocol/server": "2.0.0-beta.2",
        "typescript": "6.0.3",
        "zod": "4.4.3",
      },
      "devDependencies": {
        "@types/bun": "1.3.14",
        "prettier": "3.9.4",
      },
    },
  },
  "packages": {
    "@agentclientprotocol/sdk": ["@agentclientprotocol/sdk@1.0.0", "", { "peerDependencies": { "zod": "^3.25.0 || ^4.0.0" } }, "sha512-5FHgLbLZhSAq9F+9SU7AOCXTDzaw/IYx/AvMjrZDs/YFZ9ZPxkdn9ti3fSkny0huHfj2hrqF6pqdns9gN5/Fig=="],

    "@modelcontextprotocol/server": ["@modelcontextprotocol/server@2.0.0-beta.2", "", { "dependencies": { "zod": "^4.2.0" } }, "sha512-XK+sgFntT5ZzeqtTGpT9uti+Sqmq7YJZdx/N76eLJv9UA9vKvP04Qh9Hc45LCeIHGfTKRwDG6eh4C1Hs4omyIg=="],

    "@types/bun": ["@types/bun@1.3.14", "", { "dependencies": { "bun-types": "1.3.14" } }, "sha512-h1hFqFVcvAvD9j9K7ZW7vd82aSA+rTdznZa+5bwvCwqSB1jmmfLcbIWhOLx1/+boy/xmjgCs/OMUL8hRJSmnPw=="],

    "@types/node": ["@types/node@26.1.0", "", { "dependencies": { "undici-types": "~8.3.0" } }, "sha512-O0A1G3xPGy4w7AgQdAQYUlQ+BKk2Oovw8eRpofyp5KdBZULnbe+WqaOVNrm705SHphCiG4XHsACrSmPu1f+Kgw=="],

    "bun-types": ["bun-types@1.3.14", "", { "dependencies": { "@types/node": "*" } }, "sha512-4N0ig0fEomHt5R0KCFWjovxow98rIoRwKolrYdCcknNwMekCXRnWEUvgu5soYV8QXtVsrUD8B95MBOZGPvr6KQ=="],

    "prettier": ["prettier@3.9.4", "", { "bin": { "prettier": "bin/prettier.cjs" } }, "sha512-yWG/o/4oJfo036EKAfK6ACAoDOfHeRHx4tuxkfBZiauURiaSmYwlpOr5LQqKtIkRD2z1PLteme2WoxEnj4tHTg=="],

    "typescript": ["typescript@6.0.3", "", { "bin": { "tsc": "bin/tsc", "tsserver": "bin/tsserver" } }, "sha512-y2TvuxSZPDyQakkFRPZHKFm+KKVqIisdg9/CZwm9ftvKXLP8NRWj38/ODjNbr43SsoXqNuAisEf1GdCxqWcdBw=="],

    "undici-types": ["undici-types@8.3.0", "", {}, "sha512-j375ScV60dom+YkPFIfTLcOiPxkN/buHz5GobjLhixFuANaNs3C9l4GmrWqejgXWJ7BbJcFYpTEUkS1Ge8bpZQ=="],

    "zod": ["zod@4.4.3", "", {}, "sha512-ytENFjIJFl2UwYglde2jchW2Hwm4GJFLDiSXWdTrJQBIN9Fcyp7n4DhxJEiWNAJMV1/BqWfW/kkg71UDcHJyTQ=="],
  }
}
